
Microsoft Visual Studio Solution File, Format Version 12.00
# Visual Studio Version 17
VisualStudioVersion = 17.3.32611.2
MinimumVisualStudioVersion = 10.0.40219.1
Project("{9A19103F-16F7-4668-BE54-9A1E7A4F7556}") = "cdls", "cdls\cdls.csproj", "{67D7E957-C7BB-467C-9BFD-8B52E1A6C77C}"
EndProject
Global
	GlobalSection(SolutionConfigurationPlatforms) = preSolution
		Debug|Any CPU = Debug|Any CPU
		Debug|x64 = Debug|x64
		Release|Any CPU = Release|Any CPU
		Release|x64 = Release|x64
	EndGlobalSection
	GlobalSection(ProjectConfigurationPlatforms) = postSolution
		{67D7E957-C7BB-467C-9BFD-8B52E1A6C77C}.Debug|Any CPU.ActiveCfg = Debug|Any CPU
		{67D7E957-C7BB-467C-9BFD-8B52E1A6C77C}.Debug|Any CPU.Build.0 = Debug|Any CPU
		{67D7E957-C7BB-467C-9BFD-8B52E1A6C77C}.Debug|x64.ActiveCfg = Debug|Any CPU
		{67D7E957-C7BB-467C-9BFD-8B52E1A6C77C}.Debug|x64.Build.0 = Debug|Any CPU
		{67D7E957-C7BB-467C-9BFD-8B52E1A6C77C}.Release|Any CPU.ActiveCfg = Release|Any CPU
		{67D7E957-C7BB-467C-9BFD-8B52E1A6C77C}.Release|Any CPU.Build.0 = Release|Any CPU
		{67D7E957-C7BB-467C-9BFD-8B52E1A6C77C}.Release|x64.ActiveCfg = Release|x64
		{67D7E957-C7BB-467C-9BFD-8B52E1A6C77C}.Release|x64.Build.0 = Release|x64
	EndGlobalSection
	GlobalSection(SolutionProperties) = preSolution
		HideSolutionNode = FALSE
	EndGlobalSection
	GlobalSection(ExtensibilityGlobals) = postSolution
		SolutionGuid = {59551047-1052-498D-BB1A-BF7D5094A6A9}
	EndGlobalSection
EndGlobal
